
Microsoft Visual Studio Solution File, Format Version 12.00
# Visual Studio Version 17
VisualStudioVersion = 17.6.33801.468
MinimumVisualStudioVersion = 10.0.40219.1
Project("{9A19103F-16F7-4668-BE54-9A1E7A4F7556}") = "DataDesensitizer.DesktopApp", "DataDesensitizer.DesktopApp\DataDesensitizer.DesktopApp.csproj", "{D1B65BD2-EED0-4880-BEE2-23BAA459EACC}"
EndProject
Project("{9A19103F-16F7-4668-BE54-9A1E7A4F7556}") = "DataDesensitizer.Engine", "DataDesensitizer.Engine\DataDesensitizer.Engine.csproj", "{0AE8503F-55AE-4A96-BB9D-3E9B92082E60}"
EndProject
Project("{9A19103F-16F7-4668-BE54-9A1E7A4F7556}") = "DataDesensitizer.FieldTypeProcessors", "DataDesensitizer.FieldTypeProcessors\DataDesensitizer.FieldTypeProcessors.csproj", "{5D99731B-F091-44DB-BB67-4440EE21E855}"
EndProject
Project("{FAE04EC0-301F-11D3-BF4B-00C04F79EFBC}") = "DataDesensitizer.Models", "DataDesensitizer.Models\DataDesensitizer.Models.csproj", "{96F2A839-31C3-4845-A905-918459BFDC52}"
EndProject
Project("{FAE04EC0-301F-11D3-BF4B-00C04F79EFBC}") = "DataDesensitizer.Abstractions", "DataDesensitizer.Abstractions\DataDesensitizer.Abstractions.csproj", "{BCCFB6CE-661B-4DFD-963A-9B98CE27E1A0}"
EndProject
Global
	GlobalSection(SolutionConfigurationPlatforms) = preSolution
		Debug|Any CPU = Debug|Any CPU
		Release|Any CPU = Release|Any CPU
	EndGlobalSection
	GlobalSection(ProjectConfigurationPlatforms) = postSolution
		{D1B65BD2-EED0-4880-BEE2-23BAA459EACC}.Debug|Any CPU.ActiveCfg = Debug|Any CPU
		{D1B65BD2-EED0-4880-BEE2-23BAA459EACC}.Debug|Any CPU.Build.0 = Debug|Any CPU
		{D1B65BD2-EED0-4880-BEE2-23BAA459EACC}.Release|Any CPU.ActiveCfg = Release|Any CPU
		{D1B65BD2-EED0-4880-BEE2-23BAA459EACC}.Release|Any CPU.Build.0 = Release|Any CPU
		{0AE8503F-55AE-4A96-BB9D-3E9B92082E60}.Debug|Any CPU.ActiveCfg = Debug|Any CPU
		{0AE8503F-55AE-4A96-BB9D-3E9B92082E60}.Debug|Any CPU.Build.0 = Debug|Any CPU
		{0AE8503F-55AE-4A96-BB9D-3E9B92082E60}.Release|Any CPU.ActiveCfg = Release|Any CPU
		{0AE8503F-55AE-4A96-BB9D-3E9B92082E60}.Release|Any CPU.Build.0 = Release|Any CPU
		{5D99731B-F091-44DB-BB67-4440EE21E855}.Debug|Any CPU.ActiveCfg = Debug|Any CPU
		{5D99731B-F091-44DB-BB67-4440EE21E855}.Debug|Any CPU.Build.0 = Debug|Any CPU
		{5D99731B-F091-44DB-BB67-4440EE21E855}.Release|Any CPU.ActiveCfg = Release|Any CPU
		{5D99731B-F091-44DB-BB67-4440EE21E855}.Release|Any CPU.Build.0 = Release|Any CPU
		{96F2A839-31C3-4845-A905-918459BFDC52}.Debug|Any CPU.ActiveCfg = Debug|Any CPU
		{96F2A839-31C3-4845-A905-918459BFDC52}.Debug|Any CPU.Build.0 = Debug|Any CPU
		{96F2A839-31C3-4845-A905-918459BFDC52}.Release|Any CPU.ActiveCfg = Release|Any CPU
		{96F2A839-31C3-4845-A905-918459BFDC52}.Release|Any CPU.Build.0 = Release|Any CPU
		{BCCFB6CE-661B-4DFD-963A-9B98CE27E1A0}.Debug|Any CPU.ActiveCfg = Debug|Any CPU
		{BCCFB6CE-661B-4DFD-963A-9B98CE27E1A0}.Debug|Any CPU.Build.0 = Debug|Any CPU
		{BCCFB6CE-661B-4DFD-963A-9B98CE27E1A0}.Release|Any CPU.ActiveCfg = Release|Any CPU
		{BCCFB6CE-661B-4DFD-963A-9B98CE27E1A0}.Release|Any CPU.Build.0 = Release|Any CPU
	EndGlobalSection
	GlobalSection(SolutionProperties) = preSolution
		HideSolutionNode = FALSE
	EndGlobalSection
	GlobalSection(ExtensibilityGlobals) = postSolution
		SolutionGuid = {47754F56-7251-4D22-8F7B-4C795FCE886F}
	EndGlobalSection
EndGlobal
